github.com/masonheverett/greetingsgo v0.0.0-20210608150532-d39ec9b1cba4 h1:W3L5vlvN4CIraUI7WAaIXGc8FUW0eYNq7OUau8yf0cE=
github.com/masonheverett/greetingsgo v0.0.0-20210608150532-d39ec9b1cba4/go.mod h1:Yv0pX7xENqO4BtGbV8AQhK0zGWW+3Ojsf5G0LQR3exk=
github.com/masonheverett/greetingsgo v0.0.0-20210609190830-aa442c32cf33 h1:CLCKs62qCsQ0JxCSpGLGvdTUY/l0/zeEucHkeatEcyk=
github.com/masonheverett/greetingsgo v0.0.0-20210609190830-aa442c32cf33/go.mod h1:Yv0pX7xENqO4BtGbV8AQhK0zGWW+3Ojsf5G0LQR3exk=
